// !$*UTF8*$!
{
	archiveVersion = 1;
	classes = {
	};
	objectVersion = 77;
	objects = {

/* Begin PBXContainerItemProxy section */
		AD754FE32DEA6EFE0043CB97 /* PBXContainerItemProxy */ = {
			isa = PBXContainerItemProxy;
			containerPortal = AD754FC42DEA6EFC0043CB97 /* Project object */;
			proxyType = 1;
			remoteGlobalIDString = AD754FCB2DEA6EFC0043CB97;
			remoteInfo = "hackatona-project";
		};
		AD754FED2DEA6EFE0043CB97 /* PBXContainerItemProxy */ = {
			isa = PBXContainerItemProxy;
			containerPortal = AD754FC42DEA6EFC0043CB97 /* Project object */;
			proxyType = 1;
			remoteGlobalIDString = AD754FCB2DEA6EFC0043CB97;
			remoteInfo = "hackatona-project";
		};
/* End PBXContainerItemProxy section */

/* Begin PBXFileReference section */
		AD754FCC2DEA6EFC0043CB97 /* hackatona-project.app */ = {isa = PBXFileReference; explicitFileType = wrapper.application; includeInIndex = 0; path = "hackatona-project.app"; sourceTree = BUILT_PRODUCTS_DIR; };
		AD754FE22DEA6EFE0043CB97 /* hackatona-projectTests.xctest */ = {isa = PBXFileReference; explicitFileType = wrapper.cfbundle; includeInIndex = 0; path = "hackatona-projectTests.xctest"; sourceTree = BUILT_PRODUCTS_DIR; };
		AD754FEC2DEA6EFE0043CB97 /* hackatona-projectUITests.xctest */ = {isa = PBXFileReference; explicitFileType = wrapper.cfbundle; includeInIndex = 0; path = "hackatona-projectUITests.xctest"; sourceTree = BUILT_PRODUCTS_DIR; };
/* End PBXFileReference section */

/* Begin PBXFileSystemSynchronizedBuildFileExceptionSet section */
		AD754FF42DEA6EFE0043CB97 /* Exceptions for "hackatona-project" folder in "hackatona-project" target */ = {
			isa = PBXFileSystemSynchronizedBuildFileExceptionSet;
			membershipExceptions = (
				Info.plist,
			);
			target = AD754FCB2DEA6EFC0043CB97 /* hackatona-project */;
		};
/* End PBXFileSystemSynchronizedBuildFileExceptionSet section */

/* Begin PBXFileSystemSynchronizedRootGroup section */
		AD754FCE2DEA6EFC0043CB97 /* hackatona-project */ = {
			isa = PBXFileSystemSynchronizedRootGroup;
			exceptions = (
				AD754FF42DEA6EFE0043CB97 /* Exceptions for "hackatona-project" folder in "hackatona-project" target */,
			);
			path = "hackatona-project";
			sourceTree = "<group>";
		};
		AD754FE52DEA6EFE0043CB97 /* hackatona-projectTests */ = {
			isa = PBXFileSystemSynchronizedRootGroup;
			path = "hackatona-projectTests";
			sourceTree = "<group>";
		};
		AD754FEF2DEA6EFE0043CB97 /* hackatona-projectUITests */ = {
			isa = PBXFileSystemSynchronizedRootGroup;
			path = "hackatona-projectUITests";
			sourceTree = "<group>";
		};
/* End PBXFileSystemSynchronizedRootGroup section */

/* Begin PBXFrameworksBuildPhase section */
		AD754FC92DEA6EFC0043CB97 /* Frameworks */ = {
			isa = PBXFrameworksBuildPhase;
			buildActionMask = 2147483647;
			files = (
			);
			runOnlyForDeploymentPostprocessing = 0;
		};
		AD754FDF2DEA6EFE0043CB97 /* Frameworks */ = {
			isa = PBXFrameworksBuildPhase;
			buildActionMask = 2147483647;
			files = (
			);
			runOnlyForDeploymentPostprocessing = 0;
		};
		AD754FE92DEA6EFE0043CB97 /* Frameworks */ = {
			isa = PBXFrameworksBuildPhase;
			buildActionMask = 2147483647;
			files = (
			);
			runOnlyForDeploymentPostprocessing = 0;
		};
/* End PBXFrameworksBuildPhase section */

/* Begin PBXGroup section */
		AD754FC32DEA6EFC0043CB97 = {
			isa = PBXGroup;
			children = (
				AD754FCE2DEA6EFC0043CB97 /* hackatona-project */,
				AD754FE52DEA6EFE0043CB97 /* hackatona-projectTests */,
				AD754FEF2DEA6EFE0043CB97 /* hackatona-projectUITests */,
				AD754FCD2DEA6EFC0043CB97 /* Products */,
			);
			sourceTree = "<group>";
		};
		AD754FCD2DEA6EFC0043CB97 /* Products */ = {
			isa = PBXGroup;
			children = (
				AD754FCC2DEA6EFC0043CB97 /* hackatona-project.app */,
				AD754FE22DEA6EFE0043CB97 /* hackatona-projectTests.xctest */,
				AD754FEC2DEA6EFE0043CB97 /* hackatona-projectUITests.xctest */,
			);
			name = Products;
			sourceTree = "<group>";
		};
/* End PBXGroup section */

/* Begin PBXNativeTarget section */
		AD754FCB2DEA6EFC0043CB97 /* hackatona-project */ = {
			isa = PBXNativeTarget;
			buildConfigurationList = AD754FF52DEA6EFE0043CB97 /* Build configuration list for PBXNativeTarget "hackatona-project" */;
			buildPhases = (
				AD754FC82DEA6EFC0043CB97 /* Sources */,
				AD754FC92DEA6EFC0043CB97 /* Frameworks */,
				AD754FCA2DEA6EFC0043CB97 /* Resources */,
			);
			buildRules = (
			);
			dependencies = (
			);
			fileSystemSynchronizedGroups = (
				AD754FCE2DEA6EFC0043CB97 /* hackatona-project */,
			);
			name = "hackatona-project";
			packageProductDependencies = (
			);
			productName = "hackatona-project";
			productReference = AD754FCC2DEA6EFC0043CB97 /* hackatona-project.app */;
			productType = "com.apple.product-type.application";
		};
		AD754FE12DEA6EFE0043CB97 /* hackatona-projectTests */ = {
			isa = PBXNativeTarget;
			buildConfigurationList = AD754FFA2DEA6EFE0043CB97 /* Build configuration list for PBXNativeTarget "hackatona-projectTests" */;
			buildPhases = (
				AD754FDE2DEA6EFE0043CB97 /* Sources */,
				AD754FDF2DEA6EFE0043CB97 /* Frameworks */,
				AD754FE02DEA6EFE0043CB97 /* Resources */,
			);
			buildRules = (
			);
			dependencies = (
				AD754FE42DEA6EFE0043CB97 /* PBXTargetDependency */,
			);
			fileSystemSynchronizedGroups = (
				AD754FE52DEA6EFE0043CB97 /* hackatona-projectTests */,
			);
			name = "hackatona-projectTests";
			packageProductDependencies = (
			);
			productName = "hackatona-projectTests";
			productReference = AD754FE22DEA6EFE0043CB97 /* hackatona-projectTests.xctest */;
			productType = "com.apple.product-type.bundle.unit-test";
		};
		AD754FEB2DEA6EFE0043CB97 /* hackatona-projectUITests */ = {
			isa = PBXNativeTarget;
			buildConfigurationList = AD754FFD2DEA6EFE0043CB97 /* Build configuration list for PBXNativeTarget "hackatona-projectUITests" */;
			buildPhases = (
				AD754FE82DEA6EFE0043CB97 /* Sources */,
				AD754FE92DEA6EFE0043CB97 /* Frameworks */,
				AD754FEA2DEA6EFE0043CB97 /* Resources */,
			);
			buildRules = (
			);
			dependencies = (
				AD754FEE2DEA6EFE0043CB97 /* PBXTargetDependency */,
			);
			fileSystemSynchronizedGroups = (
				AD754FEF2DEA6EFE0043CB97 /* hackatona-projectUITests */,
			);
			name = "hackatona-projectUITests";
			packageProductDependencies = (
			);
			productName = "hackatona-projectUITests";
			productReference = AD754FEC2DEA6EFE0043CB97 /* hackatona-projectUITests.xctest */;
			productType = "com.apple.product-type.bundle.ui-testing";
		};
/* End PBXNativeTarget section */

/* Begin PBXProject section */
		AD754FC42DEA6EFC0043CB97 /* Project object */ = {
			isa = PBXProject;
			attributes = {
				BuildIndependentTargetsInParallel = 1;
				LastSwiftUpdateCheck = 1620;
				LastUpgradeCheck = 1620;
				TargetAttributes = {
					AD754FCB2DEA6EFC0043CB97 = {
						CreatedOnToolsVersion = 16.2;
					};
					AD754FE12DEA6EFE0043CB97 = {
						CreatedOnToolsVersion = 16.2;
						TestTargetID = AD754FCB2DEA6EFC0043CB97;
					};
					AD754FEB2DEA6EFE0043CB97 = {
						CreatedOnToolsVersion = 16.2;
						TestTargetID = AD754FCB2DEA6EFC0043CB97;
					};
				};
			};
			buildConfigurationList = AD754FC72DEA6EFC0043CB97 /* Build configuration list for PBXProject "hackatona-project" */;
			developmentRegion = en;
			hasScannedForEncodings = 0;
			knownRegions = (
				en,
				Base,
			);
			mainGroup = AD754FC32DEA6EFC0043CB97;
			minimizedProjectReferenceProxies = 1;
			preferredProjectObjectVersion = 77;
			productRefGroup = AD754FCD2DEA6EFC0043CB97 /* Products */;
			projectDirPath = "";
			projectRoot = "";
			targets = (
				AD754FCB2DEA6EFC0043CB97 /* hackatona-project */,
				AD754FE12DEA6EFE0043CB97 /* hackatona-projectTests */,
				AD754FEB2DEA6EFE0043CB97 /* hackatona-projectUITests */,
			);
		};
/* End PBXProject section */

/* Begin PBXResourcesBuildPhase section */
		AD754FCA2DEA6EFC0043CB97 /* Resources */ = {
			isa = PBXResourcesBuildPhase;
			buildActionMask = 2147483647;
			files = (
			);
			runOnlyForDeploymentPostprocessing = 0;
		};
		AD754FE02DEA6EFE0043CB97 /* Resources */ = {
			isa = PBXResourcesBuildPhase;
			buildActionMask = 2147483647;
			files = (
			);
			runOnlyForDeploymentPostprocessing = 0;
		};
		AD754FEA2DEA6EFE0043CB97 /* Resources */ = {
			isa = PBXResourcesBuildPhase;
			buildActionMask = 2147483647;
			files = (
			);
			runOnlyForDeploymentPostprocessing = 0;
		};
/* End PBXResourcesBuildPhase section */

/* Begin PBXSourcesBuildPhase section */
		AD754FC82DEA6EFC0043CB97 /* Sources */ = {
			isa = PBXSourcesBuildPhase;
			buildActionMask = 2147483647;
			files = (
			);
			runOnlyForDeploymentPostprocessing = 0;
		};
		AD754FDE2DEA6EFE0043CB97 /* Sources */ = {
			isa = PBXSourcesBuildPhase;
			buildActionMask = 2147483647;
			files = (
			);
			runOnlyForDeploymentPostprocessing = 0;
		};
		AD754FE82DEA6EFE0043CB97 /* Sources */ = {
			isa = PBXSourcesBuildPhase;
			buildActionMask = 2147483647;
			files = (
			);
			runOnlyForDeploymentPostprocessing = 0;
		};
/* End PBXSourcesBuildPhase section */

/* Begin PBXTargetDependency section */
		AD754FE42DEA6EFE0043CB97 /* PBXTargetDependency */ = {
			isa = PBXTargetDependency;
			target = AD754FCB2DEA6EFC0043CB97 /* hackatona-project */;
			targetProxy = AD754FE32DEA6EFE0043CB97 /* PBXContainerItemProxy */;
		};
		AD754FEE2DEA6EFE0043CB97 /* PBXTargetDependency */ = {
			isa = PBXTargetDependency;
			target = AD754FCB2DEA6EFC0043CB97 /* hackatona-project */;
			targetProxy = AD754FED2DEA6EFE0043CB97 /* PBXContainerItemProxy */;
		};
/* End PBXTargetDependency section */

/* Begin XCBuildConfiguration section */
		AD754FF62DEA6EFE0043CB97 /* Debug */ = {
			isa = XCBuildConfiguration;
			buildSettings = {
				ASSETCATALOG_COMPILER_APPICON_NAME = AppIcon;
				ASSETCATALOG_COMPILER_GLOBAL_ACCENT_COLOR_NAME = AccentColor;
				CODE_SIGN_STYLE = Automatic;
				CURRENT_PROJECT_VERSION = 1;
				DEVELOPMENT_TEAM = 3MJ7SRC9Q2;
				GENERATE_INFOPLIST_FILE = YES;
				INFOPLIST_FILE = "hackatona-project/Info.plist";
				INFOPLIST_KEY_NSCameraUsageDescription = "Precisamos acessar a câmera para escanear QR Codes";
				INFOPLIST_KEY_NSMicrophoneUsageDescription = "Precisamos de acesso ao microfone para gravar seu feedback de voz.";
				INFOPLIST_KEY_UIApplicationSupportsIndirectInputEvents = YES;
				INFOPLIST_KEY_UILaunchStoryboardName = LaunchScreen;
				INFOPLIST_KEY_UISupportedInterfaceOrientations_iPad = "UIInterfaceOrientationPortrait UIInterfaceOrientationPortraitUpsideDown UIInterfaceOrientationLandscapeLeft UIInterfaceOrientationLandscapeRight";
				INFOPLIST_KEY_UISupportedInterfaceOrientations_iPhone = "UIInterfaceOrientationPortrait UIInterfaceOrientationLandscapeLeft UIInterfaceOrientationLandscapeRight";
				LD_RUNPATH_SEARCH_PATHS = (
					"$(inherited)",
					"@executable_path/Frameworks",
				);
				MARKETING_VERSION = 1.0;
				PRODUCT_BUNDLE_IDENTIFIER = "academy.hackatona-project";
				PRODUCT_NAME = "$(TARGET_NAME)";
				SWIFT_EMIT_LOC_STRINGS = YES;
				SWIFT_VERSION = 5.0;
				TARGETED_DEVICE_FAMILY = "1,2";
			};
			name = Debug;
		};
		AD754FF72DEA6EFE0043CB97 /* Release */ = {
			isa = XCBuildConfiguration;
			buildSettings = {
				ASSETCATALOG_COMPILER_APPICON_NAME = AppIcon;
				ASSETCATALOG_COMPILER_GLOBAL_ACCENT_COLOR_NAME = AccentColor;
				CODE_SIGN_STYLE = Automatic;
				CURRENT_PROJECT_VERSION = 1;
				DEVELOPMENT_TEAM = 982JJP92PQ;
				GENERATE_INFOPLIST_FILE = YES;
				INFOPLIST_FILE = "hackatona-project/Info.plist";
				INFOPLIST_KEY_NSCameraUsageDescription = "Precisamos acessar a câmera para escanear QR Codes";
				INFOPLIST_KEY_NSMicrophoneUsageDescription = "Precisamos de acesso ao microfone para gravar seu feedback de voz.";
				INFOPLIST_KEY_UIApplicationSupportsIndirectInputEvents = YES;
				INFOPLIST_KEY_UILaunchStoryboardName = LaunchScreen;
				INFOPLIST_KEY_UISupportedInterfaceOrientations_iPad = "UIInterfaceOrientationPortrait UIInterfaceOrientationPortraitUpsideDown UIInterfaceOrientationLandscapeLeft UIInterfaceOrientationLandscapeRight";
				INFOPLIST_KEY_UISupportedInterfaceOrientations_iPhone = "UIInterfaceOrientationPortrait UIInterfaceOrientationLandscapeLeft UIInterfaceOrientationLandscapeRight";
				LD_RUNPATH_SEARCH_PATHS = (
					"$(inherited)",
					"@executable_path/Frameworks",
				);
				MARKETING_VERSION = 1.0;
				PRODUCT_BUNDLE_IDENTIFIER = "academy.hackatona-project";
				PRODUCT_NAME = "$(TARGET_NAME)";
				SWIFT_EMIT_LOC_STRINGS = YES;
				SWIFT_VERSION = 5.0;
				TARGETED_DEVICE_FAMILY = "1,2";
			};
			name = Release;
		};
		AD754FF82DEA6EFE0043CB97 /* Debug */ = {
			isa = XCBuildConfiguration;
			buildSettings = {
				ALWAYS_SEARCH_USER_PATHS = NO;
				ASSETCATALOG_COMPILER_GENERATE_SWIFT_ASSET_SYMBOL_EXTENSIONS = YES;
				CLANG_ANALYZER_NONNULL = YES;
				CLANG_ANALYZER_NUMBER_OBJECT_CONVERSION = YES_AGGRESSIVE;
				CLANG_CXX_LANGUAGE_STANDARD = "gnu++20";
				CLANG_ENABLE_MODULES = YES;
				CLANG_ENABLE_OBJC_ARC = YES;
				CLANG_ENABLE_OBJC_WEAK = YES;
				CLANG_WARN_BLOCK_CAPTURE_AUTORELEASING = YES;
				CLANG_WARN_BOOL_CONVERSION = YES;
				CLANG_WARN_COMMA = YES;
				CLANG_WARN_CONSTANT_CONVERSION = YES;
				CLANG_WARN_DEPRECATED_OBJC_IMPLEMENTATIONS = YES;
				CLANG_WARN_DIRECT_OBJC_ISA_USAGE = YES_ERROR;
				CLANG_WARN_DOCUMENTATION_COMMENTS = YES;
				CLANG_WARN_EMPTY_BODY = YES;
				CLANG_WARN_ENUM_CONVERSION = YES;
				CLANG_WARN_INFINITE_RECURSION = YES;
				CLANG_WARN_INT_CONVERSION = YES;
				CLANG_WARN_NON_LITERAL_NULL_CONVERSION = YES;
				CLANG_WARN_OBJC_IMPLICIT_RETAIN_SELF = YES;
				CLANG_WARN_OBJC_LITERAL_CONVERSION = YES;
				CLANG_WARN_OBJC_ROOT_CLASS = YES_ERROR;
				CLANG_WARN_QUOTED_INCLUDE_IN_FRAMEWORK_HEADER = YES;
				CLANG_WARN_RANGE_LOOP_ANALYSIS = YES;
				CLANG_WARN_STRICT_PROTOTYPES = YES;
				CLANG_WARN_SUSPICIOUS_MOVE = YES;
				CLANG_WARN_UNGUARDED_AVAILABILITY = YES_AGGRESSIVE;
				CLANG_WARN_UNREACHABLE_CODE = YES;
				CLANG_WARN__DUPLICATE_METHOD_MATCH = YES;
				COPY_PHASE_STRIP = NO;
				DEBUG_INFORMATION_FORMAT = dwarf;
				ENABLE_STRICT_OBJC_MSGSEND = YES;
				ENABLE_TESTABILITY = YES;
				ENABLE_USER_SCRIPT_SANDBOXING = YES;
				GCC_C_LANGUAGE_STANDARD = gnu17;
				GCC_DYNAMIC_NO_PIC = NO;
				GCC_NO_COMMON_BLOCKS = YES;
				GCC_OPTIMIZATION_LEVEL = 0;
				GCC_PREPROCESSOR_DEFINITIONS = (
					"DEBUG=1",
					"$(inherited)",
				);
				GCC_WARN_64_TO_32_BIT_CONVERSION = YES;
				GCC_WARN_ABOUT_RETURN_TYPE = YES_ERROR;
				GCC_WARN_UNDECLARED_SELECTOR = YES;
				GCC_WARN_UNINITIALIZED_AUTOS = YES_AGGRESSIVE;
				GCC_WARN_UNUSED_FUNCTION = YES;
				GCC_WARN_UNUSED_VARIABLE = YES;
				IPHONEOS_DEPLOYMENT_TARGET = 18.2;
				LOCALIZATION_PREFERS_STRING_CATALOGS = YES;
				MTL_ENABLE_DEBUG_INFO = INCLUDE_SOURCE;
				MTL_FAST_MATH = YES;
				ONLY_ACTIVE_ARCH = YES;
				SDKROOT = iphoneos;
				SWIFT_ACTIVE_COMPILATION_CONDITIONS = "DEBUG $(inherited)";
				SWIFT_OPTIMIZATION_LEVEL = "-Onone";
			};
			name = Debug;
		};
		AD754FF92DEA6EFE0043CB97 /* Release */ = {
			isa = XCBuildConfiguration;
			buildSettings = {
				ALWAYS_SEARCH_USER_PATHS = NO;
				ASSETCATALOG_COMPILER_GENERATE_SWIFT_ASSET_SYMBOL_EXTENSIONS = YES;
				CLANG_ANALYZER_NONNULL = YES;
				CLANG_ANALYZER_NUMBER_OBJECT_CONVERSION = YES_AGGRESSIVE;
				CLANG_CXX_LANGUAGE_STANDARD = "gnu++20";
				CLANG_ENABLE_MODULES = YES;
				CLANG_ENABLE_OBJC_ARC = YES;
				CLANG_ENABLE_OBJC_WEAK = YES;
				CLANG_WARN_BLOCK_CAPTURE_AUTORELEASING = YES;
				CLANG_WARN_BOOL_CONVERSION = YES;
				CLANG_WARN_COMMA = YES;
				CLANG_WARN_CONSTANT_CONVERSION = YES;
				CLANG_WARN_DEPRECATED_OBJC_IMPLEMENTATIONS = YES;
				CLANG_WARN_DIRECT_OBJC_ISA_USAGE = YES_ERROR;
				CLANG_WARN_DOCUMENTATION_COMMENTS = YES;
				CLANG_WARN_EMPTY_BODY = YES;
				CLANG_WARN_ENUM_CONVERSION = YES;
				CLANG_WARN_INFINITE_RECURSION = YES;
				CLANG_WARN_INT_CONVERSION = YES;
				CLANG_WARN_NON_LITERAL_NULL_CONVERSION = YES;
				CLANG_WARN_OBJC_IMPLICIT_RETAIN_SELF = YES;
				CLANG_WARN_OBJC_LITERAL_CONVERSION = YES;
				CLANG_WARN_OBJC_ROOT_CLASS = YES_ERROR;
				CLANG_WARN_QUOTED_INCLUDE_IN_FRAMEWORK_HEADER = YES;
				CLANG_WARN_RANGE_LOOP_ANALYSIS = YES;
				CLANG_WARN_STRICT_PROTOTYPES = YES;
				CLANG_WARN_SUSPICIOUS_MOVE = YES;
				CLANG_WARN_UNGUARDED_AVAILABILITY = YES_AGGRESSIVE;
				CLANG_WARN_UNREACHABLE_CODE = YES;
				CLANG_WARN__DUPLICATE_METHOD_MATCH = YES;
				COPY_PHASE_STRIP = NO;
				DEBUG_INFORMATION_FORMAT = "dwarf-with-dsym";
				ENABLE_NS_ASSERTIONS = NO;
				ENABLE_STRICT_OBJC_MSGSEND = YES;
				ENABLE_USER_SCRIPT_SANDBOXING = YES;
				GCC_C_LANGUAGE_STANDARD = gnu17;
				GCC_NO_COMMON_BLOCKS = YES;
				GCC_WARN_64_TO_32_BIT_CONVERSION = YES;
				GCC_WARN_ABOUT_RETURN_TYPE = YES_ERROR;
				GCC_WARN_UNDECLARED_SELECTOR = YES;
				GCC_WARN_UNINITIALIZED_AUTOS = YES_AGGRESSIVE;
				GCC_WARN_UNUSED_FUNCTION = YES;
				GCC_WARN_UNUSED_VARIABLE = YES;
				IPHONEOS_DEPLOYMENT_TARGET = 18.2;
				LOCALIZATION_PREFERS_STRING_CATALOGS = YES;
				MTL_ENABLE_DEBUG_INFO = NO;
				MTL_FAST_MATH = YES;
				SDKROOT = iphoneos;
				SWIFT_COMPILATION_MODE = wholemodule;
				VALIDATE_PRODUCT = YES;
			};
			name = Release;
		};
		AD754FFB2DEA6EFE0043CB97 /* Debug */ = {
			isa = XCBuildConfiguration;
			buildSettings = {
				BUNDLE_LOADER = "$(TEST_HOST)";
				CODE_SIGN_STYLE = Automatic;
				CURRENT_PROJECT_VERSION = 1;
				DEVELOPMENT_TEAM = 7BUDD8LAH7;
				GENERATE_INFOPLIST_FILE = YES;
				IPHONEOS_DEPLOYMENT_TARGET = 18.2;
				MARKETING_VERSION = 1.0;
				PRODUCT_BUNDLE_IDENTIFIER = "academy.hackatona-projectTests";
				PRODUCT_NAME = "$(TARGET_NAME)";
				SWIFT_EMIT_LOC_STRINGS = NO;
				SWIFT_VERSION = 5.0;
				TARGETED_DEVICE_FAMILY = "1,2";
				TEST_HOST = "$(BUILT_PRODUCTS_DIR)/hackatona-project.app/$(BUNDLE_EXECUTABLE_FOLDER_PATH)/hackatona-project";
			};
			name = Debug;
		};
		AD754FFC2DEA6EFE0043CB97 /* Release */ = {
			isa = XCBuildConfiguration;
			buildSettings = {
				BUNDLE_LOADER = "$(TEST_HOST)";
				CODE_SIGN_STYLE = Automatic;
				CURRENT_PROJECT_VERSION = 1;
				DEVELOPMENT_TEAM = 7BUDD8LAH7;
				GENERATE_INFOPLIST_FILE = YES;
				IPHONEOS_DEPLOYMENT_TARGET = 18.2;
				MARKETING_VERSION = 1.0;
				PRODUCT_BUNDLE_IDENTIFIER = "academy.hackatona-projectTests";
				PRODUCT_NAME = "$(TARGET_NAME)";
				SWIFT_EMIT_LOC_STRINGS = NO;
				SWIFT_VERSION = 5.0;
				TARGETED_DEVICE_FAMILY = "1,2";
				TEST_HOST = "$(BUILT_PRODUCTS_DIR)/hackatona-project.app/$(BUNDLE_EXECUTABLE_FOLDER_PATH)/hackatona-project";
			};
			name = Release;
		};
		AD754FFE2DEA6EFE0043CB97 /* Debug */ = {
			isa = XCBuildConfiguration;
			buildSettings = {
				CODE_SIGN_STYLE = Automatic;
				CURRENT_PROJECT_VERSION = 1;
				DEVELOPMENT_TEAM = 7BUDD8LAH7;
				GENERATE_INFOPLIST_FILE = YES;
				MARKETING_VERSION = 1.0;
				PRODUCT_BUNDLE_IDENTIFIER = "academy.hackatona-projectUITests";
				PRODUCT_NAME = "$(TARGET_NAME)";
				SWIFT_EMIT_LOC_STRINGS = NO;
				SWIFT_VERSION = 5.0;
				TARGETED_DEVICE_FAMILY = "1,2";
				TEST_TARGET_NAME = "hackatona-project";
			};
			name = Debug;
		};
		AD754FFF2DEA6EFE0043CB97 /* Release */ = {
			isa = XCBuildConfiguration;
			buildSettings = {
				CODE_SIGN_STYLE = Automatic;
				CURRENT_PROJECT_VERSION = 1;
				DEVELOPMENT_TEAM = 7BUDD8LAH7;
				GENERATE_INFOPLIST_FILE = YES;
				MARKETING_VERSION = 1.0;
				PRODUCT_BUNDLE_IDENTIFIER = "academy.hackatona-projectUITests";
				PRODUCT_NAME = "$(TARGET_NAME)";
				SWIFT_EMIT_LOC_STRINGS = NO;
				SWIFT_VERSION = 5.0;
				TARGETED_DEVICE_FAMILY = "1,2";
				TEST_TARGET_NAME = "hackatona-project";
			};
			name = Release;
		};
/* End XCBuildConfiguration section */

/* Begin XCConfigurationList section */
		AD754FC72DEA6EFC0043CB97 /* Build configuration list for PBXProject "hackatona-project" */ = {
			isa = XCConfigurationList;
			buildConfigurations = (
				AD754FF82DEA6EFE0043CB97 /* Debug */,
				AD754FF92DEA6EFE0043CB97 /* Release */,
			);
			defaultConfigurationIsVisible = 0;
			defaultConfigurationName = Release;
		};
		AD754FF52DEA6EFE0043CB97 /* Build configuration list for PBXNativeTarget "hackatona-project" */ = {
			isa = XCConfigurationList;
			buildConfigurations = (
				AD754FF62DEA6EFE0043CB97 /* Debug */,
				AD754FF72DEA6EFE0043CB97 /* Release */,
			);
			defaultConfigurationIsVisible = 0;
			defaultConfigurationName = Release;
		};
		AD754FFA2DEA6EFE0043CB97 /* Build configuration list for PBXNativeTarget "hackatona-projectTests" */ = {
			isa = XCConfigurationList;
			buildConfigurations = (
				AD754FFB2DEA6EFE0043CB97 /* Debug */,
				AD754FFC2DEA6EFE0043CB97 /* Release */,
			);
			defaultConfigurationIsVisible = 0;
			defaultConfigurationName = Release;
		};
		AD754FFD2DEA6EFE0043CB97 /* Build configuration list for PBXNativeTarget "hackatona-projectUITests" */ = {
			isa = XCConfigurationList;
			buildConfigurations = (
				AD754FFE2DEA6EFE0043CB97 /* Debug */,
				AD754FFF2DEA6EFE0043CB97 /* Release */,
			);
			defaultConfigurationIsVisible = 0;
			defaultConfigurationName = Release;
		};
/* End XCConfigurationList section */
	};
	rootObject = AD754FC42DEA6EFC0043CB97 /* Project object */;
}
